// !$*UTF8*$!
{
	archiveVersion = 1;
	classes = {
	};
	objectVersion = 46;
	objects = {

/* Begin PBXBuildFile section */
		E40688A619B1181300722306 /* Localizable.strings in Resources */ = {isa = PBXBuildFile; fileRef = E40688A819B1181300722306 /* Localizable.strings */; };
		E424CEE219A2989500CF945D /* COLearningGuideViewController.m in Sources */ = {isa = PBXBuildFile; fileRef = E424CEE119A2989500CF945D /* COLearningGuideViewController.m */; };
		E426CD97199BED2E00C352E0 /* COIntentionItemTypeStore.m in Sources */ = {isa = PBXBuildFile; fileRef = E426CD96199BED2E00C352E0 /* COIntentionItemTypeStore.m */; };
		E426CDA3199C3FF000C352E0 /* COListSelectorViewController.m in Sources */ = {isa = PBXBuildFile; fileRef = E426CDA1199C3FF000C352E0 /* COListSelectorViewController.m */; };
		E42C033C19C2255300AA7F8A /* COIntentionItem.m in Sources */ = {isa = PBXBuildFile; fileRef = E42C033B19C2255300AA7F8A /* COIntentionItem.m */; };
		E44B692D19BE3A60007EF8DD /* COIntentionItemType.m in Sources */ = {isa = PBXBuildFile; fileRef = E44B692C19BE3A60007EF8DD /* COIntentionItemType.m */; };
		E452A33719EDC03400E7DD03 /* COIntentionItemTypeDetailViewController.m in Sources */ = {isa = PBXBuildFile; fileRef = E452A33619EDC03400E7DD03 /* COIntentionItemTypeDetailViewController.m */; };
		E457D8CA19EC621A00E6901B /* COIntentionItemHelpViewController.m in Sources */ = {isa = PBXBuildFile; fileRef = E457D8C819EC621A00E6901B /* COIntentionItemHelpViewController.m */; };
		E457D8CB19EC621A00E6901B /* COIntentionItemHelpViewController.xib in Resources */ = {isa = PBXBuildFile; fileRef = E457D8C919EC621A00E6901B /* COIntentionItemHelpViewController.xib */; };
		E476AC7419634FAC007734C0 /* COBookDataViewController.m in Sources */ = {isa = PBXBuildFile; fileRef = E476AC7319634FAC007734C0 /* COBookDataViewController.m */; };
		E476AC7A196356B8007734C0 /* BookStoryboard_iPad.storyboard in Resources */ = {isa = PBXBuildFile; fileRef = E476AC79196356B8007734C0 /* BookStoryboard_iPad.storyboard */; };
		E476AC7C196356BF007734C0 /* BookStoryboard_iPhone.storyboard in Resources */ = {isa = PBXBuildFile; fileRef = E476AC7B196356BF007734C0 /* BookStoryboard_iPhone.storyboard */; };
		E476AC7F19635C33007734C0 /* COBookModelController.m in Sources */ = {isa = PBXBuildFile; fileRef = E476AC7E19635C33007734C0 /* COBookModelController.m */; };
		E487B02B1A1D54D500C05582 /* Launch Screen.xib in Resources */ = {isa = PBXBuildFile; fileRef = E487B02A1A1D54D500C05582 /* Launch Screen.xib */; };
		E4937C2D19F598A400FBE6D9 /* COProductStoryItem.m in Sources */ = {isa = PBXBuildFile; fileRef = E4937C2619F598A400FBE6D9 /* COProductStoryItem.m */; };
		E4937C2E19F598A400FBE6D9 /* COProductStoryItemDetailViewController.m in Sources */ = {isa = PBXBuildFile; fileRef = E4937C2819F598A400FBE6D9 /* COProductStoryItemDetailViewController.m */; };
		E4937C2F19F598A400FBE6D9 /* COProductStoryItemDetailViewController.xib in Resources */ = {isa = PBXBuildFile; fileRef = E4937C2919F598A400FBE6D9 /* COProductStoryItemDetailViewController.xib */; };
		E4937C3019F598A400FBE6D9 /* COProductStoryItemHelpViewController.m in Sources */ = {isa = PBXBuildFile; fileRef = E4937C2B19F598A400FBE6D9 /* COProductStoryItemHelpViewController.m */; };
		E4937C3119F598A400FBE6D9 /* COProductStoryItemHelpViewController.xib in Resources */ = {isa = PBXBuildFile; fileRef = E4937C2C19F598A400FBE6D9 /* COProductStoryItemHelpViewController.xib */; };
		E495B7E719CF66C0009DFFCD /* COIntentionItemDetailViewController.m in Sources */ = {isa = PBXBuildFile; fileRef = E495B7E519CF66C0009DFFCD /* COIntentionItemDetailViewController.m */; };
		E495B7E819CF66C0009DFFCD /* COIntentionItemDetailViewController.xib in Resources */ = {isa = PBXBuildFile; fileRef = E495B7E619CF66C0009DFFCD /* COIntentionItemDetailViewController.xib */; };
		E497C2E119EF1DC60082E2DE /* COGoalItemHelpViewController.m in Sources */ = {isa = PBXBuildFile; fileRef = E497C2E019EF1DC60082E2DE /* COGoalItemHelpViewController.m */; };
		E497C2E319EF1E6D0082E2DE /* COGoalItemHelpViewController.xib in Resources */ = {isa = PBXBuildFile; fileRef = E497C2E219EF1E6D0082E2DE /* COGoalItemHelpViewController.xib */; };
		E4995F0419AEA7D3009A3011 /* Settings.bundle in Resources */ = {isa = PBXBuildFile; fileRef = E4995F0319AEA7D3009A3011 /* Settings.bundle */; };
		E4AFA060196340AB00B54B54 /* COBookTiledPDFView.m in Sources */ = {isa = PBXBuildFile; fileRef = E4AFA05F196340AB00B54B54 /* COBookTiledPDFView.m */; };
		E4AFA0631963441D00B54B54 /* COBookPDFScrollView.m in Sources */ = {isa = PBXBuildFile; fileRef = E4AFA0621963441D00B54B54 /* COBookPDFScrollView.m */; };
		E4AFDB1819D48CCA0016081E /* COString.m in Sources */ = {isa = PBXBuildFile; fileRef = E4AFDB1719D48CCA0016081E /* COString.m */; };
		E4B70BBD1A081F8D000EAB44 /* COSelfEmpowermentItem.m in Sources */ = {isa = PBXBuildFile; fileRef = E4B70BB61A081F8D000EAB44 /* COSelfEmpowermentItem.m */; };
		E4B70BBE1A081F8D000EAB44 /* COSelfEmpowermentItemDetailViewController.m in Sources */ = {isa = PBXBuildFile; fileRef = E4B70BB81A081F8D000EAB44 /* COSelfEmpowermentItemDetailViewController.m */; };
		E4B70BBF1A081F8D000EAB44 /* COSelfEmpowermentItemDetailViewController.xib in Resources */ = {isa = PBXBuildFile; fileRef = E4B70BB91A081F8D000EAB44 /* COSelfEmpowermentItemDetailViewController.xib */; };
		E4B70BC01A081F8D000EAB44 /* COSelfEmpowermentItemHelpViewController.m in Sources */ = {isa = PBXBuildFile; fileRef = E4B70BBB1A081F8D000EAB44 /* COSelfEmpowermentItemHelpViewController.m */; };
		E4B70BC11A081F8D000EAB44 /* COSelfEmpowermentItemHelpViewController.xib in Resources */ = {isa = PBXBuildFile; fileRef = E4B70BBC1A081F8D000EAB44 /* COSelfEmpowermentItemHelpViewController.xib */; };
		E4C28614199ABDCE00DB405B /* iLearn University.pdf in Resources */ = {isa = PBXBuildFile; fileRef = E4C28613199ABDCE00DB405B /* iLearn University.pdf */; };
		E4C766A519E85CBB00CB6463 /* COIntentionItemTypeCell.m in Sources */ = {isa = PBXBuildFile; fileRef = E4C766A419E85CBB00CB6463 /* COIntentionItemTypeCell.m */; };
		E4C766A919E85E9500CB6463 /* COIntentionItemTypeCell.xib in Resources */ = {isa = PBXBuildFile; fileRef = E4C766A819E85E9500CB6463 /* COIntentionItemTypeCell.xib */; };
		E4DB82A119D0C71800CA9C5D /* COGoalItem.m in Sources */ = {isa = PBXBuildFile; fileRef = E4DB82A019D0C71800CA9C5D /* COGoalItem.m */; };
		E4DB82A419D0C77400CA9C5D /* COGoalItemDetailViewController.m in Sources */ = {isa = PBXBuildFile; fileRef = E4DB82A319D0C77400CA9C5D /* COGoalItemDetailViewController.m */; };
		E4DB82A619D0C78C00CA9C5D /* COGoalItemDetailViewController.xib in Resources */ = {isa = PBXBuildFile; fileRef = E4DB82A519D0C78C00CA9C5D /* COGoalItemDetailViewController.xib */; };
		E4DC0AEF195B581E001CE110 /* Foundation.framework in Frameworks */ = {isa = PBXBuildFile; fileRef = E4DC0AEE195B581E001CE110 /* Foundation.framework */; };
		E4DC0AF1195B581E001CE110 /* CoreGraphics.framework in Frameworks */ = {isa = PBXBuildFile; fileRef = E4DC0AF0195B581E001CE110 /* CoreGraphics.framework */; };
		E4DC0AF3195B581E001CE110 /* UIKit.framework in Frameworks */ = {isa = PBXBuildFile; fileRef = E4DC0AF2195B581E001CE110 /* UIKit.framework */; };
		E4DC0AF5195B581E001CE110 /* CoreData.framework in Frameworks */ = {isa = PBXBuildFile; fileRef = E4DC0AF4195B581E001CE110 /* CoreData.framework */; };
		E4DC0AFB195B581E001CE110 /* InfoPlist.strings in Resources */ = {isa = PBXBuildFile; fileRef = E4DC0AF9195B581E001CE110 /* InfoPlist.strings */; };
		E4DC0AFD195B581E001CE110 /* main.m in Sources */ = {isa = PBXBuildFile; fileRef = E4DC0AFC195B581E001CE110 /* main.m */; };
		E4DC0B01195B581E001CE110 /* COAppDelegate.m in Sources */ = {isa = PBXBuildFile; fileRef = E4DC0B00195B581E001CE110 /* COAppDelegate.m */; };
		E4DC0B06195B581E001CE110 /* Images.xcassets in Resources */ = {isa = PBXBuildFile; fileRef = E4DC0B05195B581E001CE110 /* Images.xcassets */; };
		E4DC0B0D195B581E001CE110 /* XCTest.framework in Frameworks */ = {isa = PBXBuildFile; fileRef = E4DC0B0C195B581E001CE110 /* XCTest.framework */; };
		E4DC0B0E195B581E001CE110 /* Foundation.framework in Frameworks */ = {isa = PBXBuildFile; fileRef = E4DC0AEE195B581E001CE110 /* Foundation.framework */; };
		E4DC0B0F195B581E001CE110 /* UIKit.framework in Frameworks */ = {isa = PBXBuildFile; fileRef = E4DC0AF2195B581E001CE110 /* UIKit.framework */; };
		E4DC0B10195B581E001CE110 /* CoreData.framework in Frameworks */ = {isa = PBXBuildFile; fileRef = E4DC0AF4195B581E001CE110 /* CoreData.framework */; };
		E4DC0B18195B581E001CE110 /* InfoPlist.strings in Resources */ = {isa = PBXBuildFile; fileRef = E4DC0B16195B581E001CE110 /* InfoPlist.strings */; };
		E4DC0B1A195B581E001CE110 /* iLearnUniversityTests.m in Sources */ = {isa = PBXBuildFile; fileRef = E4DC0B19195B581E001CE110 /* iLearnUniversityTests.m */; };
		E4DC0B27195B6CAB001CE110 /* COLibraryRootViewController.m in Sources */ = {isa = PBXBuildFile; fileRef = E4DC0B26195B6CAB001CE110 /* COLibraryRootViewController.m */; };
		E4DC0B2A195B6CD6001CE110 /* COIntentionItemTypeViewController.m in Sources */ = {isa = PBXBuildFile; fileRef = E4DC0B29195B6CD6001CE110 /* COIntentionItemTypeViewController.m */; };
		E4DC0B2D195B6CF2001CE110 /* COContentViewController.m in Sources */ = {isa = PBXBuildFile; fileRef = E4DC0B2C195B6CF2001CE110 /* COContentViewController.m */; };
		E4DC0B30195B6D11001CE110 /* COPracticeViewController.m in Sources */ = {isa = PBXBuildFile; fileRef = E4DC0B2F195B6D11001CE110 /* COPracticeViewController.m */; };
		E4DC0B33195B6D2A001CE110 /* COTaskViewController.m in Sources */ = {isa = PBXBuildFile; fileRef = E4DC0B32195B6D2A001CE110 /* COTaskViewController.m */; };
		E4DC0B36195B6D40001CE110 /* COPortfolioViewController.m in Sources */ = {isa = PBXBuildFile; fileRef = E4DC0B35195B6D40001CE110 /* COPortfolioViewController.m */; };
		E4F2915E19F99804007A08E1 /* COPBLItem.m in Sources */ = {isa = PBXBuildFile; fileRef = E4F2915719F99804007A08E1 /* COPBLItem.m */; };
		E4F2915F19F99804007A08E1 /* COPBLItemDetailViewController.m in Sources */ = {isa = PBXBuildFile; fileRef = E4F2915919F99804007A08E1 /* COPBLItemDetailViewController.m */; };
		E4F2916019F99804007A08E1 /* COPBLItemDetailViewController.xib in Resources */ = {isa = PBXBuildFile; fileRef = E4F2915A19F99804007A08E1 /* COPBLItemDetailViewController.xib */; };
		E4F2916119F99804007A08E1 /* COPBLItemHelpViewController.m in Sources */ = {isa = PBXBuildFile; fileRef = E4F2915C19F99804007A08E1 /* COPBLItemHelpViewController.m */; };
		E4F2916219F99804007A08E1 /* COPBLItemHelpViewController.xib in Resources */ = {isa = PBXBuildFile; fileRef = E4F2915D19F99804007A08E1 /* COPBLItemHelpViewController.xib */; };
		E4F55A4719BA6DD100CC39C8 /* iLearnUniversity.xcdatamodeld in Sources */ = {isa = PBXBuildFile; fileRef = E4F55A4519BA6DD100CC39C8 /* iLearnUniversity.xcdatamodeld */; };
/* End PBXBuildFile section */

/* Begin PBXContainerItemProxy section */
		E4DC0B11195B581E001CE110 /* PBXContainerItemProxy */ = {
			isa = PBXContainerItemProxy;
			containerPortal = E4DC0AE3195B581E001CE110 /* Project object */;
			proxyType = 1;
			remoteGlobalIDString = E4DC0AEA195B581E001CE110;
			remoteInfo = SelfUniversity;
		};
/* End PBXContainerItemProxy section */

/* Begin PBXFileReference section */
		E40688A719B1181300722306 /* Base */ = {isa = PBXFileReference; lastKnownFileType = text.plist.strings; name = Base; path = Base.lproj/Localizable.strings; sourceTree = "<group>"; };
		E40688A919B1183700722306 /* es */ = {isa = PBXFileReference; lastKnownFileType = text.plist.strings; name = es; path = es.lproj/Localizable.strings; sourceTree = "<group>"; };
		E40AA34C19EB1CBD00D73822 /* COGlobalDefsConstants.h */ = {isa = PBXFileReference; lastKnownFileType = sourcecode.c.h; path = COGlobalDefsConstants.h; sourceTree = "<group>"; };
		E424CEE019A2989500CF945D /* COLearningGuideViewController.h */ = {isa = PBXFileReference; fileEncoding = 4; lastKnownFileType = sourcecode.c.h; path = COLearningGuideViewController.h; sourceTree = "<group>"; };
		E424CEE119A2989500CF945D /* COLearningGuideViewController.m */ = {isa = PBXFileReference; fileEncoding = 4; lastKnownFileType = sourcecode.c.objc; path = COLearningGuideViewController.m; sourceTree = "<group>"; };
		E426CD95199BED2E00C352E0 /* COIntentionItemTypeStore.h */ = {isa = PBXFileReference; fileEncoding = 4; lastKnownFileType = sourcecode.c.h; path = COIntentionItemTypeStore.h; sourceTree = "<group>"; };
		E426CD96199BED2E00C352E0 /* COIntentionItemTypeStore.m */ = {isa = PBXFileReference; fileEncoding = 4; lastKnownFileType = sourcecode.c.objc; path = COIntentionItemTypeStore.m; sourceTree = "<group>"; };
		E426CDA0199C3FF000C352E0 /* COListSelectorViewController.h */ = {isa = PBXFileReference; fileEncoding = 4; lastKnownFileType = sourcecode.c.h; path = COListSelectorViewController.h; sourceTree = "<group>"; };
		E426CDA1199C3FF000C352E0 /* COListSelectorViewController.m */ = {isa = PBXFileReference; fileEncoding = 4; lastKnownFileType = sourcecode.c.objc; path = COListSelectorViewController.m; sourceTree = "<group>"; };
		E42C033A19C2255300AA7F8A /* COIntentionItem.h */ = {isa = PBXFileReference; fileEncoding = 4; lastKnownFileType = sourcecode.c.h; path = COIntentionItem.h; sourceTree = "<group>"; };
		E42C033B19C2255300AA7F8A /* COIntentionItem.m */ = {isa = PBXFileReference; fileEncoding = 4; lastKnownFileType = sourcecode.c.objc; path = COIntentionItem.m; sourceTree = "<group>"; };
		E44B692B19BE3A60007EF8DD /* COIntentionItemType.h */ = {isa = PBXFileReference; fileEncoding = 4; lastKnownFileType = sourcecode.c.h; path = COIntentionItemType.h; sourceTree = "<group>"; };
		E44B692C19BE3A60007EF8DD /* COIntentionItemType.m */ = {isa = PBXFileReference; fileEncoding = 4; lastKnownFileType = sourcecode.c.objc; path = COIntentionItemType.m; sourceTree = "<group>"; };
		E452A33519EDC03400E7DD03 /* COIntentionItemTypeDetailViewController.h */ = {isa = PBXFileReference; fileEncoding = 4; lastKnownFileType = sourcecode.c.h; path = COIntentionItemTypeDetailViewController.h; sourceTree = "<group>"; };
		E452A33619EDC03400E7DD03 /* COIntentionItemTypeDetailViewController.m */ = {isa = PBXFileReference; fileEncoding = 4; lastKnownFileType = sourcecode.c.objc; path = COIntentionItemTypeDetailViewController.m; sourceTree = "<group>"; };
		E457D8C819EC621A00E6901B /* COIntentionItemHelpViewController.m */ = {isa = PBXFileReference; fileEncoding = 4; lastKnownFileType = sourcecode.c.objc; path = COIntentionItemHelpViewController.m; sourceTree = "<group>"; };
		E457D8C919EC621A00E6901B /* COIntentionItemHelpViewController.xib */ = {isa = PBXFileReference; fileEncoding = 4; lastKnownFileType = file.xib; path = COIntentionItemHelpViewController.xib; sourceTree = "<group>"; };
		E476AC7219634FAC007734C0 /* COBookDataViewController.h */ = {isa = PBXFileReference; fileEncoding = 4; lastKnownFileType = sourcecode.c.h; path = COBookDataViewController.h; sourceTree = "<group>"; };
		E476AC7319634FAC007734C0 /* COBookDataViewController.m */ = {isa = PBXFileReference; fileEncoding = 4; lastKnownFileType = sourcecode.c.objc; path = COBookDataViewController.m; sourceTree = "<group>"; };
		E476AC79196356B8007734C0 /* BookStoryboard_iPad.storyboard */ = {isa = PBXFileReference; fileEncoding = 4; lastKnownFileType = file.storyboard; path = BookStoryboard_iPad.storyboard; sourceTree = "<group>"; };
		E476AC7B196356BF007734C0 /* BookStoryboard_iPhone.storyboard */ = {isa = PBXFileReference; fileEncoding = 4; lastKnownFileType = file.storyboard; path = BookStoryboard_iPhone.storyboard; sourceTree = "<group>"; };
		E476AC7D19635C33007734C0 /* COBookModelController.h */ = {isa = PBXFileReference; fileEncoding = 4; lastKnownFileType = sourcecode.c.h; path = COBookModelController.h; sourceTree = "<group>"; };
		E476AC7E19635C33007734C0 /* COBookModelController.m */ = {isa = PBXFileReference; fileEncoding = 4; lastKnownFileType = sourcecode.c.objc; path = COBookModelController.m; sourceTree = "<group>"; };
		E487B02A1A1D54D500C05582 /* Launch Screen.xib */ = {isa = PBXFileReference; fileEncoding = 4; lastKnownFileType = file.xib; path = "Launch Screen.xib"; sourceTree = "<group>"; };
		E4937C2519F598A400FBE6D9 /* COProductStoryItem.h */ = {isa = PBXFileReference; fileEncoding = 4; lastKnownFileType = sourcecode.c.h; path = COProductStoryItem.h; sourceTree = "<group>"; };
		E4937C2619F598A400FBE6D9 /* COProductStoryItem.m */ = {isa = PBXFileReference; fileEncoding = 4; lastKnownFileType = sourcecode.c.objc; path = COProductStoryItem.m; sourceTree = "<group>"; };
		E4937C2719F598A400FBE6D9 /* COProductStoryItemDetailViewController.h */ = {isa = PBXFileReference; fileEncoding = 4; lastKnownFileType = sourcecode.c.h; path = COProductStoryItemDetailViewController.h; sourceTree = "<group>"; };
		E4937C2819F598A400FBE6D9 /* COProductStoryItemDetailViewController.m */ = {isa = PBXFileReference; fileEncoding = 4; lastKnownFileType = sourcecode.c.objc; path = COProductStoryItemDetailViewController.m; sourceTree = "<group>"; };
		E4937C2919F598A400FBE6D9 /* COProductStoryItemDetailViewController.xib */ = {isa = PBXFileReference; fileEncoding = 4; lastKnownFileType = file.xib; path = COProductStoryItemDetailViewController.xib; sourceTree = "<group>"; };
		E4937C2A19F598A400FBE6D9 /* COProductStoryItemHelpViewController.h */ = {isa = PBXFileReference; fileEncoding = 4; lastKnownFileType = sourcecode.c.h; path = COProductStoryItemHelpViewController.h; sourceTree = "<group>"; };
		E4937C2B19F598A400FBE6D9 /* COProductStoryItemHelpViewController.m */ = {isa = PBXFileReference; fileEncoding = 4; lastKnownFileType = sourcecode.c.objc; path = COProductStoryItemHelpViewController.m; sourceTree = "<group>"; };
		E4937C2C19F598A400FBE6D9 /* COProductStoryItemHelpViewController.xib */ = {isa = PBXFileReference; fileEncoding = 4; lastKnownFileType = file.xib; path = COProductStoryItemHelpViewController.xib; sourceTree = "<group>"; };
		E495B7E419CF66C0009DFFCD /* COIntentionItemDetailViewController.h */ = {isa = PBXFileReference; fileEncoding = 4; lastKnownFileType = sourcecode.c.h; path = COIntentionItemDetailViewController.h; sourceTree = "<group>"; };
		E495B7E519CF66C0009DFFCD /* COIntentionItemDetailViewController.m */ = {isa = PBXFileReference; fileEncoding = 4; lastKnownFileType = sourcecode.c.objc; path = COIntentionItemDetailViewController.m; sourceTree = "<group>"; };
		E495B7E619CF66C0009DFFCD /* COIntentionItemDetailViewController.xib */ = {isa = PBXFileReference; fileEncoding = 4; lastKnownFileType = file.xib; path = COIntentionItemDetailViewController.xib; sourceTree = "<group>"; };
		E497C2DF19EF1D9E0082E2DE /* COGoalItemHelpViewController.h */ = {isa = PBXFileReference; fileEncoding = 4; lastKnownFileType = sourcecode.c.h; path = COGoalItemHelpViewController.h; sourceTree = "<group>"; };
		E497C2E019EF1DC60082E2DE /* COGoalItemHelpViewController.m */ = {isa = PBXFileReference; fileEncoding = 4; lastKnownFileType = sourcecode.c.objc; path = COGoalItemHelpViewController.m; sourceTree = "<group>"; };
		E497C2E219EF1E6D0082E2DE /* COGoalItemHelpViewController.xib */ = {isa = PBXFileReference; fileEncoding = 4; lastKnownFileType = file.xib; path = COGoalItemHelpViewController.xib; sourceTree = "<group>"; };
		E497C2E419EF1FC50082E2DE /* COIntentionItemHelpViewController.h */ = {isa = PBXFileReference; fileEncoding = 4; lastKnownFileType = sourcecode.c.h; path = COIntentionItemHelpViewController.h; sourceTree = "<group>"; };
		E4995F0319AEA7D3009A3011 /* Settings.bundle */ = {isa = PBXFileReference; lastKnownFileType = "wrapper.plug-in"; path = Settings.bundle; sourceTree = "<group>"; };
		E4AFA05E196340AB00B54B54 /* COBookTiledPDFView.h */ = {isa = PBXFileReference; fileEncoding = 4; lastKnownFileType = sourcecode.c.h; path = COBookTiledPDFView.h; sourceTree = "<group>"; };
		E4AFA05F196340AB00B54B54 /* COBookTiledPDFView.m */ = {isa = PBXFileReference; fileEncoding = 4; lastKnownFileType = sourcecode.c.objc; path = COBookTiledPDFView.m; sourceTree = "<group>"; };
		E4AFA0611963441D00B54B54 /* COBookPDFScrollView.h */ = {isa = PBXFileReference; fileEncoding = 4; lastKnownFileType = sourcecode.c.h; path = COBookPDFScrollView.h; sourceTree = "<group>"; };
		E4AFA0621963441D00B54B54 /* COBookPDFScrollView.m */ = {isa = PBXFileReference; fileEncoding = 4; lastKnownFileType = sourcecode.c.objc; path = COBookPDFScrollView.m; sourceTree = "<group>"; };
		E4AFDB1619D48CCA0016081E /* COString.h */ = {isa = PBXFileReference; fileEncoding = 4; lastKnownFileType = sourcecode.c.h; path = COString.h; sourceTree = "<group>"; };
		E4AFDB1719D48CCA0016081E /* COString.m */ = {isa = PBXFileReference; fileEncoding = 4; lastKnownFileType = sourcecode.c.objc; path = COString.m; sourceTree = "<group>"; };
		E4B70BB51A081F8D000EAB44 /* COSelfEmpowermentItem.h */ = {isa = PBXFileReference; fileEncoding = 4; lastKnownFileType = sourcecode.c.h; path = COSelfEmpowermentItem.h; sourceTree = "<group>"; };
		E4B70BB61A081F8D000EAB44 /* COSelfEmpowermentItem.m */ = {isa = PBXFileReference; fileEncoding = 4; lastKnownFileType = sourcecode.c.objc; path = COSelfEmpowermentItem.m; sourceTree = "<group>"; };
		E4B70BB71A081F8D000EAB44 /* COSelfEmpowermentItemDetailViewController.h */ = {isa = PBXFileReference; fileEncoding = 4; lastKnownFileType = sourcecode.c.h; path = COSelfEmpowermentItemDetailViewController.h; sourceTree = "<group>"; };
		E4B70BB81A081F8D000EAB44 /* COSelfEmpowermentItemDetailViewController.m */ = {isa = PBXFileReference; fileEncoding = 4; lastKnownFileType = sourcecode.c.objc; path = COSelfEmpowermentItemDetailViewController.m; sourceTree = "<group>"; };
		E4B70BB91A081F8D000EAB44 /* COSelfEmpowermentItemDetailViewController.xib */ = {isa = PBXFileReference; fileEncoding = 4; lastKnownFileType = file.xib; path = COSelfEmpowermentItemDetailViewController.xib; sourceTree = "<group>"; };
		E4B70BBA1A081F8D000EAB44 /* COSelfEmpowermentItemHelpViewController.h */ = {isa = PBXFileReference; fileEncoding = 4; lastKnownFileType = sourcecode.c.h; path = COSelfEmpowermentItemHelpViewController.h; sourceTree = "<group>"; };
		E4B70BBB1A081F8D000EAB44 /* COSelfEmpowermentItemHelpViewController.m */ = {isa = PBXFileReference; fileEncoding = 4; lastKnownFileType = sourcecode.c.objc; path = COSelfEmpowermentItemHelpViewController.m; sourceTree = "<group>"; };
		E4B70BBC1A081F8D000EAB44 /* COSelfEmpowermentItemHelpViewController.xib */ = {isa = PBXFileReference; fileEncoding = 4; lastKnownFileType = file.xib; path = COSelfEmpowermentItemHelpViewController.xib; sourceTree = "<group>"; };
		E4C28613199ABDCE00DB405B /* iLearn University.pdf */ = {isa = PBXFileReference; lastKnownFileType = image.pdf; path = "iLearn University.pdf"; sourceTree = "<group>"; };
		E4C766A319E85CBB00CB6463 /* COIntentionItemTypeCell.h */ = {isa = PBXFileReference; fileEncoding = 4; lastKnownFileType = sourcecode.c.h; path = COIntentionItemTypeCell.h; sourceTree = "<group>"; };
		E4C766A419E85CBB00CB6463 /* COIntentionItemTypeCell.m */ = {isa = PBXFileReference; fileEncoding = 4; lastKnownFileType = sourcecode.c.objc; path = COIntentionItemTypeCell.m; sourceTree = "<group>"; };
		E4C766A819E85E9500CB6463 /* COIntentionItemTypeCell.xib */ = {isa = PBXFileReference; fileEncoding = 4; lastKnownFileType = file.xib; path = COIntentionItemTypeCell.xib; sourceTree = "<group>"; };
		E4DB829F19D0C6FF00CA9C5D /* COGoalItem.h */ = {isa = PBXFileReference; fileEncoding = 4; lastKnownFileType = sourcecode.c.h; path = COGoalItem.h; sourceTree = "<group>"; };
		E4DB82A019D0C71800CA9C5D /* COGoalItem.m */ = {isa = PBXFileReference; fileEncoding = 4; lastKnownFileType = sourcecode.c.objc; path = COGoalItem.m; sourceTree = "<group>"; };
		E4DB82A219D0C75600CA9C5D /* COGoalItemDetailViewController.h */ = {isa = PBXFileReference; fileEncoding = 4; lastKnownFileType = sourcecode.c.h; path = COGoalItemDetailViewController.h; sourceTree = "<group>"; };
		E4DB82A319D0C77400CA9C5D /* COGoalItemDetailViewController.m */ = {isa = PBXFileReference; fileEncoding = 4; lastKnownFileType = sourcecode.c.objc; path = COGoalItemDetailViewController.m; sourceTree = "<group>"; };
		E4DB82A519D0C78C00CA9C5D /* COGoalItemDetailViewController.xib */ = {isa = PBXFileReference; fileEncoding = 4; lastKnownFileType = file.xib; path = COGoalItemDetailViewController.xib; sourceTree = "<group>"; };
		E4DC0AEB195B581E001CE110 /* iLearn University.app */ = {isa = PBXFileReference; explicitFileType = wrapper.application; includeInIndex = 0; path = "iLearn University.app"; sourceTree = BUILT_PRODUCTS_DIR; };
		E4DC0AEE195B581E001CE110 /* Foundation.framework */ = {isa = PBXFileReference; lastKnownFileType = wrapper.framework; name = Foundation.framework; path = System/Library/Frameworks/Foundation.framework; sourceTree = SDKROOT; };
		E4DC0AF0195B581E001CE110 /* CoreGraphics.framework */ = {isa = PBXFileReference; lastKnownFileType = wrapper.framework; name = CoreGraphics.framework; path = System/Library/Frameworks/CoreGraphics.framework; sourceTree = SDKROOT; };
		E4DC0AF2195B581E001CE110 /* UIKit.framework */ = {isa = PBXFileReference; lastKnownFileType = wrapper.framework; name = UIKit.framework; path = System/Library/Frameworks/UIKit.framework; sourceTree = SDKROOT; };
		E4DC0AF4195B581E001CE110 /* CoreData.framework */ = {isa = PBXFileReference; lastKnownFileType = wrapper.framework; name = CoreData.framework; path = System/Library/Frameworks/CoreData.framework; sourceTree = SDKROOT; };
		E4DC0AF8195B581E001CE110 /* iLearn University-Info.plist */ = {isa = PBXFileReference; lastKnownFileType = text.plist.xml; path = "iLearn University-Info.plist"; sourceTree = "<group>"; };
		E4DC0AFA195B581E001CE110 /* en */ = {isa = PBXFileReference; lastKnownFileType = text.plist.strings; name = en; path = en.lproj/InfoPlist.strings; sourceTree = "<group>"; };
		E4DC0AFC195B581E001CE110 /* main.m */ = {isa = PBXFileReference; lastKnownFileType = sourcecode.c.objc; path = main.m; sourceTree = "<group>"; };
		E4DC0AFE195B581E001CE110 /* iLearn University-Prefix.pch */ = {isa = PBXFileReference; lastKnownFileType = sourcecode.c.h; path = "iLearn University-Prefix.pch"; sourceTree = "<group>"; };
		E4DC0AFF195B581E001CE110 /* COAppDelegate.h */ = {isa = PBXFileReference; lastKnownFileType = sourcecode.c.h; path = COAppDelegate.h; sourceTree = "<group>"; };
		E4DC0B00195B581E001CE110 /* COAppDelegate.m */ = {isa = PBXFileReference; lastKnownFileType = sourcecode.c.objc; path = COAppDelegate.m; sourceTree = "<group>"; };
		E4DC0B05195B581E001CE110 /* Images.xcassets */ = {isa = PBXFileReference; lastKnownFileType = folder.assetcatalog; path = Images.xcassets; sourceTree = "<group>"; };
		E4DC0B0B195B581E001CE110 /* iLearn UniversityTests.xctest */ = {isa = PBXFileReference; explicitFileType = wrapper.cfbundle; includeInIndex = 0; path = "iLearn UniversityTests.xctest"; sourceTree = BUILT_PRODUCTS_DIR; };
		E4DC0B0C195B581E001CE110 /* XCTest.framework */ = {isa = PBXFileReference; lastKnownFileType = wrapper.framework; name = XCTest.framework; path = Library/Frameworks/XCTest.framework; sourceTree = DEVELOPER_DIR; };
		E4DC0B15195B581E001CE110 /* iLearn UniversityTests-Info.plist */ = {isa = PBXFileReference; lastKnownFileType = text.plist.xml; path = "iLearn UniversityTests-Info.plist"; sourceTree = "<group>"; };
		E4DC0B17195B581E001CE110 /* en */ = {isa = PBXFileReference; lastKnownFileType = text.plist.strings; name = en; path = en.lproj/InfoPlist.strings; sourceTree = "<group>"; };
		E4DC0B19195B581E001CE110 /* iLearnUniversityTests.m */ = {isa = PBXFileReference; lastKnownFileType = sourcecode.c.objc; path = iLearnUniversityTests.m; sourceTree = "<group>"; };
		E4DC0B25195B6CAB001CE110 /* COLibraryRootViewController.h */ = {isa = PBXFileReference; fileEncoding = 4; lastKnownFileType = sourcecode.c.h; path = COLibraryRootViewController.h; sourceTree = "<group>"; };
		E4DC0B26195B6CAB001CE110 /* COLibraryRootViewController.m */ = {isa = PBXFileReference; fileEncoding = 4; lastKnownFileType = sourcecode.c.objc; path = COLibraryRootViewController.m; sourceTree = "<group>"; };
		E4DC0B28195B6CD6001CE110 /* COIntentionItemTypeViewController.h */ = {isa = PBXFileReference; fileEncoding = 4; lastKnownFileType = sourcecode.c.h; path = COIntentionItemTypeViewController.h; sourceTree = "<group>"; };
		E4DC0B29195B6CD6001CE110 /* COIntentionItemTypeViewController.m */ = {isa = PBXFileReference; fileEncoding = 4; lastKnownFileType = sourcecode.c.objc; path = COIntentionItemTypeViewController.m; sourceTree = "<group>"; };
		E4DC0B2B195B6CF2001CE110 /* COContentViewController.h */ = {isa = PBXFileReference; fileEncoding = 4; lastKnownFileType = sourcecode.c.h; path = COContentViewController.h; sourceTree = "<group>"; };
		E4DC0B2C195B6CF2001CE110 /* COContentViewController.m */ = {isa = PBXFileReference; fileEncoding = 4; lastKnownFileType = sourcecode.c.objc; path = COContentViewController.m; sourceTree = "<group>"; };
		E4DC0B2E195B6D11001CE110 /* COPracticeViewController.h */ = {isa = PBXFileReference; fileEncoding = 4; lastKnownFileType = sourcecode.c.h; path = COPracticeViewController.h; sourceTree = "<group>"; };
		E4DC0B2F195B6D11001CE110 /* COPracticeViewController.m */ = {isa = PBXFileReference; fileEncoding = 4; lastKnownFileType = sourcecode.c.objc; path = COPracticeViewController.m; sourceTree = "<group>"; };
		E4DC0B31195B6D2A001CE110 /* COTaskViewController.h */ = {isa = PBXFileReference; fileEncoding = 4; lastKnownFileType = sourcecode.c.h; path = COTaskViewController.h; sourceTree = "<group>"; };
		E4DC0B32195B6D2A001CE110 /* COTaskViewController.m */ = {isa = PBXFileReference; fileEncoding = 4; lastKnownFileType = sourcecode.c.objc; path = COTaskViewController.m; sourceTree = "<group>"; };
		E4DC0B34195B6D40001CE110 /* COPortfolioViewController.h */ = {isa = PBXFileReference; fileEncoding = 4; lastKnownFileType = sourcecode.c.h; path = COPortfolioViewController.h; sourceTree = "<group>"; };
		E4DC0B35195B6D40001CE110 /* COPortfolioViewController.m */ = {isa = PBXFileReference; fileEncoding = 4; lastKnownFileType = sourcecode.c.objc; path = COPortfolioViewController.m; sourceTree = "<group>"; };
		E4F2915619F99804007A08E1 /* COPBLItem.h */ = {isa = PBXFileReference; fileEncoding = 4; lastKnownFileType = sourcecode.c.h; path = COPBLItem.h; sourceTree = "<group>"; };
		E4F2915719F99804007A08E1 /* COPBLItem.m */ = {isa = PBXFileReference; fileEncoding = 4; lastKnownFileType = sourcecode.c.objc; path = COPBLItem.m; sourceTree = "<group>"; };
		E4F2915819F99804007A08E1 /* COPBLItemDetailViewController.h */ = {isa = PBXFileReference; fileEncoding = 4; lastKnownFileType = sourcecode.c.h; path = COPBLItemDetailViewController.h; sourceTree = "<group>"; };
		E4F2915919F99804007A08E1 /* COPBLItemDetailViewController.m */ = {isa = PBXFileReference; fileEncoding = 4; lastKnownFileType = sourcecode.c.objc; path = COPBLItemDetailViewController.m; sourceTree = "<group>"; };
		E4F2915A19F99804007A08E1 /* COPBLItemDetailViewController.xib */ = {isa = PBXFileReference; fileEncoding = 4; lastKnownFileType = file.xib; path = COPBLItemDetailViewController.xib; sourceTree = "<group>"; };
		E4F2915B19F99804007A08E1 /* COPBLItemHelpViewController.h */ = {isa = PBXFileReference; fileEncoding = 4; lastKnownFileType = sourcecode.c.h; path = COPBLItemHelpViewController.h; sourceTree = "<group>"; };
		E4F2915C19F99804007A08E1 /* COPBLItemHelpViewController.m */ = {isa = PBXFileReference; fileEncoding = 4; lastKnownFileType = sourcecode.c.objc; path = COPBLItemHelpViewController.m; sourceTree = "<group>"; };
		E4F2915D19F99804007A08E1 /* COPBLItemHelpViewController.xib */ = {isa = PBXFileReference; fileEncoding = 4; lastKnownFileType = file.xib; path = COPBLItemHelpViewController.xib; sourceTree = "<group>"; };
		E4F55A4619BA6DD100CC39C8 /* iLearnUniversity.xcdatamodel */ = {isa = PBXFileReference; explicitFileType = wrapper.xcdatamodel; path = iLearnUniversity.xcdatamodel; sourceTree = "<group>"; };
/* End PBXFileReference section */

/* Begin PBXFrameworksBuildPhase section */
		E4DC0AE8195B581E001CE110 /* Frameworks */ = {
			isa = PBXFrameworksBuildPhase;
			buildActionMask = 2147483647;
			files = (
				E4DC0AF1195B581E001CE110 /* CoreGraphics.framework in Frameworks */,
				E4DC0AF5195B581E001CE110 /* CoreData.framework in Frameworks */,
				E4DC0AF3195B581E001CE110 /* UIKit.framework in Frameworks */,
				E4DC0AEF195B581E001CE110 /* Foundation.framework in Frameworks */,
			);
			runOnlyForDeploymentPostprocessing = 0;
		};
		E4DC0B08195B581E001CE110 /* Frameworks */ = {
			isa = PBXFrameworksBuildPhase;
			buildActionMask = 2147483647;
			files = (
				E4DC0B0D195B581E001CE110 /* XCTest.framework in Frameworks */,
				E4DC0B10195B581E001CE110 /* CoreData.framework in Frameworks */,
				E4DC0B0F195B581E001CE110 /* UIKit.framework in Frameworks */,
				E4DC0B0E195B581E001CE110 /* Foundation.framework in Frameworks */,
			);
			runOnlyForDeploymentPostprocessing = 0;
		};
/* End PBXFrameworksBuildPhase section */

/* Begin PBXGroup section */
		E424CEE319A298A500CF945D /* Learning Guide View */ = {
			isa = PBXGroup;
			children = (
				E424CEE019A2989500CF945D /* COLearningGuideViewController.h */,
				E424CEE119A2989500CF945D /* COLearningGuideViewController.m */,
			);
			name = "Learning Guide View";
			sourceTree = "<group>";
		};
		E42A354319AFB6A6006AF3AC /* Utilities */ = {
			isa = PBXGroup;
			children = (
				E426CDA0199C3FF000C352E0 /* COListSelectorViewController.h */,
				E426CDA1199C3FF000C352E0 /* COListSelectorViewController.m */,
				E4AFDB1619D48CCA0016081E /* COString.h */,
				E4AFDB1719D48CCA0016081E /* COString.m */,
			);
			name = Utilities;
			sourceTree = "<group>";
		};
		E4937C2119F594BF00FBE6D9 /* Intention Item Type */ = {
			isa = PBXGroup;
			children = (
				E44B692B19BE3A60007EF8DD /* COIntentionItemType.h */,
				E44B692C19BE3A60007EF8DD /* COIntentionItemType.m */,
				E4DC0B28195B6CD6001CE110 /* COIntentionItemTypeViewController.h */,
				E4DC0B29195B6CD6001CE110 /* COIntentionItemTypeViewController.m */,
				E4C766A319E85CBB00CB6463 /* COIntentionItemTypeCell.h */,
				E4C766A419E85CBB00CB6463 /* COIntentionItemTypeCell.m */,
				E4C766A819E85E9500CB6463 /* COIntentionItemTypeCell.xib */,
				E426CD95199BED2E00C352E0 /* COIntentionItemTypeStore.h */,
				E426CD96199BED2E00C352E0 /* COIntentionItemTypeStore.m */,
				E452A33519EDC03400E7DD03 /* COIntentionItemTypeDetailViewController.h */,
				E452A33619EDC03400E7DD03 /* COIntentionItemTypeDetailViewController.m */,
			);
			name = "Intention Item Type";
			sourceTree = "<group>";
		};
		E4937C2219F594E400FBE6D9 /* Intention Item */ = {
			isa = PBXGroup;
			children = (
				E42C033A19C2255300AA7F8A /* COIntentionItem.h */,
				E42C033B19C2255300AA7F8A /* COIntentionItem.m */,
				E495B7E419CF66C0009DFFCD /* COIntentionItemDetailViewController.h */,
				E495B7E519CF66C0009DFFCD /* COIntentionItemDetailViewController.m */,
				E495B7E619CF66C0009DFFCD /* COIntentionItemDetailViewController.xib */,
				E497C2E419EF1FC50082E2DE /* COIntentionItemHelpViewController.h */,
				E457D8C819EC621A00E6901B /* COIntentionItemHelpViewController.m */,
				E457D8C919EC621A00E6901B /* COIntentionItemHelpViewController.xib */,
			);
			name = "Intention Item";
			sourceTree = "<group>";
		};
		E4937C2319F5950900FBE6D9 /* Goal Item */ = {
			isa = PBXGroup;
			children = (
				E4DB829F19D0C6FF00CA9C5D /* COGoalItem.h */,
				E4DB82A019D0C71800CA9C5D /* COGoalItem.m */,
				E4DB82A219D0C75600CA9C5D /* COGoalItemDetailViewController.h */,
				E4DB82A319D0C77400CA9C5D /* COGoalItemDetailViewController.m */,
				E4DB82A519D0C78C00CA9C5D /* COGoalItemDetailViewController.xib */,
				E497C2DF19EF1D9E0082E2DE /* COGoalItemHelpViewController.h */,
				E497C2E019EF1DC60082E2DE /* COGoalItemHelpViewController.m */,
				E497C2E219EF1E6D0082E2DE /* COGoalItemHelpViewController.xib */,
			);
			name = "Goal Item";
			sourceTree = "<group>";
		};
		E4937C2419F5958600FBE6D9 /* Product Story Item */ = {
			isa = PBXGroup;
			children = (
				E4937C2519F598A400FBE6D9 /* COProductStoryItem.h */,
				E4937C2619F598A400FBE6D9 /* COProductStoryItem.m */,
				E4937C2719F598A400FBE6D9 /* COProductStoryItemDetailViewController.h */,
				E4937C2819F598A400FBE6D9 /* COProductStoryItemDetailViewController.m */,
				E4937C2919F598A400FBE6D9 /* COProductStoryItemDetailViewController.xib */,
				E4937C2A19F598A400FBE6D9 /* COProductStoryItemHelpViewController.h */,
				E4937C2B19F598A400FBE6D9 /* COProductStoryItemHelpViewController.m */,
				E4937C2C19F598A400FBE6D9 /* COProductStoryItemHelpViewController.xib */,
			);
			name = "Product Story Item";
			sourceTree = "<group>";
		};
		E4B70BC21A081FA2000EAB44 /* Self Empowerment Item */ = {
			isa = PBXGroup;
			children = (
				E4B70BB51A081F8D000EAB44 /* COSelfEmpowermentItem.h */,
				E4B70BB61A081F8D000EAB44 /* COSelfEmpowermentItem.m */,
				E4B70BB71A081F8D000EAB44 /* COSelfEmpowermentItemDetailViewController.h */,
				E4B70BB81A081F8D000EAB44 /* COSelfEmpowermentItemDetailViewController.m */,
				E4B70BB91A081F8D000EAB44 /* COSelfEmpowermentItemDetailViewController.xib */,
				E4B70BBA1A081F8D000EAB44 /* COSelfEmpowermentItemHelpViewController.h */,
				E4B70BBB1A081F8D000EAB44 /* COSelfEmpowermentItemHelpViewController.m */,
				E4B70BBC1A081F8D000EAB44 /* COSelfEmpowermentItemHelpViewController.xib */,
			);
			name = "Self Empowerment Item";
			sourceTree = "<group>";
		};
		E4DAD8EB1969F34B001C59A7 /* Library View */ = {
			isa = PBXGroup;
			children = (
				E4DC0B25195B6CAB001CE110 /* COLibraryRootViewController.h */,
				E4DC0B26195B6CAB001CE110 /* COLibraryRootViewController.m */,
				E476AC7219634FAC007734C0 /* COBookDataViewController.h */,
				E476AC7319634FAC007734C0 /* COBookDataViewController.m */,
				E476AC7D19635C33007734C0 /* COBookModelController.h */,
				E476AC7E19635C33007734C0 /* COBookModelController.m */,
				E4AFA0611963441D00B54B54 /* COBookPDFScrollView.h */,
				E4AFA0621963441D00B54B54 /* COBookPDFScrollView.m */,
				E4AFA05E196340AB00B54B54 /* COBookTiledPDFView.h */,
				E4AFA05F196340AB00B54B54 /* COBookTiledPDFView.m */,
			);
			name = "Library View";
			sourceTree = "<group>";
		};
		E4DAD8EC1969F3F2001C59A7 /* Content View */ = {
			isa = PBXGroup;
			children = (
				E4DC0B2B195B6CF2001CE110 /* COContentViewController.h */,
				E4DC0B2C195B6CF2001CE110 /* COContentViewController.m */,
			);
			name = "Content View";
			sourceTree = "<group>";
		};
		E4DAD8ED1969F415001C59A7 /* Portfolio View */ = {
			isa = PBXGroup;
			children = (
				E4DC0B34195B6D40001CE110 /* COPortfolioViewController.h */,
				E4DC0B35195B6D40001CE110 /* COPortfolioViewController.m */,
			);
			name = "Portfolio View";
			sourceTree = "<group>";
		};
		E4DAD8EE1969F426001C59A7 /* Practice View */ = {
			isa = PBXGroup;
			children = (
				E4DC0B2E195B6D11001CE110 /* COPracticeViewController.h */,
				E4DC0B2F195B6D11001CE110 /* COPracticeViewController.m */,
			);
			name = "Practice View";
			sourceTree = "<group>";
		};
		E4DAD8EF1969F438001C59A7 /* Task View */ = {
			isa = PBXGroup;
			children = (
				E4DC0B31195B6D2A001CE110 /* COTaskViewController.h */,
				E4DC0B32195B6D2A001CE110 /* COTaskViewController.m */,
			);
			name = "Task View";
			sourceTree = "<group>";
		};
		E4DAD8F01969F44D001C59A7 /* Intention View */ = {
			isa = PBXGroup;
			children = (
				E4937C2119F594BF00FBE6D9 /* Intention Item Type */,
				E4937C2219F594E400FBE6D9 /* Intention Item */,
				E4937C2319F5950900FBE6D9 /* Goal Item */,
				E4937C2419F5958600FBE6D9 /* Product Story Item */,
				E4F2916319F99828007A08E1 /* Project Based Learning Item */,
				E4B70BC21A081FA2000EAB44 /* Self Empowerment Item */,
			);
			name = "Intention View";
			sourceTree = "<group>";
		};
		E4DC0AE2195B581E001CE110 = {
			isa = PBXGroup;
			children = (
				E4DC0AF6195B581E001CE110 /* iLearn University */,
				E4DC0B13195B581E001CE110 /* iLearn UniversityTests */,
				E4DC0AED195B581E001CE110 /* Frameworks */,
				E4DC0AEC195B581E001CE110 /* Products */,
			);
			sourceTree = "<group>";
		};
		E4DC0AEC195B581E001CE110 /* Products */ = {
			isa = PBXGroup;
			children = (
				E4DC0AEB195B581E001CE110 /* iLearn University.app */,
				E4DC0B0B195B581E001CE110 /* iLearn UniversityTests.xctest */,
			);
			name = Products;
			sourceTree = "<group>";
		};
		E4DC0AED195B581E001CE110 /* Frameworks */ = {
			isa = PBXGroup;
			children = (
				E4DC0AEE195B581E001CE110 /* Foundation.framework */,
				E4DC0AF0195B581E001CE110 /* CoreGraphics.framework */,
				E4DC0AF2195B581E001CE110 /* UIKit.framework */,
				E4DC0AF4195B581E001CE110 /* CoreData.framework */,
				E4DC0B0C195B581E001CE110 /* XCTest.framework */,
			);
			name = Frameworks;
			sourceTree = "<group>";
		};
		E4DC0AF6195B581E001CE110 /* iLearn University */ = {
			isa = PBXGroup;
			children = (
				E40AA34C19EB1CBD00D73822 /* COGlobalDefsConstants.h */,
				E4DC0AFF195B581E001CE110 /* COAppDelegate.h */,
				E4DC0B00195B581E001CE110 /* COAppDelegate.m */,
				E4DAD8F01969F44D001C59A7 /* Intention View */,
				E4DAD8EB1969F34B001C59A7 /* Library View */,
				E4DAD8EC1969F3F2001C59A7 /* Content View */,
				E424CEE319A298A500CF945D /* Learning Guide View */,
				E4DAD8ED1969F415001C59A7 /* Portfolio View */,
				E4DAD8EE1969F426001C59A7 /* Practice View */,
				E4DAD8EF1969F438001C59A7 /* Task View */,
				E42A354319AFB6A6006AF3AC /* Utilities */,
				E4DC0AF7195B581E001CE110 /* Supporting Files */,
			);
			name = "iLearn University";
			path = SelfUniversity;
			sourceTree = SOURCE_ROOT;
		};
		E4DC0AF7195B581E001CE110 /* Supporting Files */ = {
			isa = PBXGroup;
			children = (
				E4F55A4519BA6DD100CC39C8 /* iLearnUniversity.xcdatamodeld */,
				E476AC79196356B8007734C0 /* BookStoryboard_iPad.storyboard */,
				E476AC7B196356BF007734C0 /* BookStoryboard_iPhone.storyboard */,
				E4DC0B05195B581E001CE110 /* Images.xcassets */,
				E487B02A1A1D54D500C05582 /* Launch Screen.xib */,
				E4C28613199ABDCE00DB405B /* iLearn University.pdf */,
				E4DC0AF8195B581E001CE110 /* iLearn University-Info.plist */,
				E4DC0AFE195B581E001CE110 /* iLearn University-Prefix.pch */,
				E4DC0AF9195B581E001CE110 /* InfoPlist.strings */,
				E40688A819B1181300722306 /* Localizable.strings */,
				E4DC0AFC195B581E001CE110 /* main.m */,
				E4995F0319AEA7D3009A3011 /* Settings.bundle */,
			);
			name = "Supporting Files";
			sourceTree = "<group>";
		};
		E4DC0B13195B581E001CE110 /* iLearn UniversityTests */ = {
			isa = PBXGroup;
			children = (
				E4DC0B19195B581E001CE110 /* iLearnUniversityTests.m */,
				E4DC0B14195B581E001CE110 /* Supporting Files */,
			);
			name = "iLearn UniversityTests";
			path = SelfUniversityTests;
			sourceTree = "<group>";
		};
		E4DC0B14195B581E001CE110 /* Supporting Files */ = {
			isa = PBXGroup;
			children = (
				E4DC0B15195B581E001CE110 /* iLearn UniversityTests-Info.plist */,
				E4DC0B16195B581E001CE110 /* InfoPlist.strings */,
			);
			name = "Supporting Files";
			sourceTree = "<group>";
		};
		E4F2916319F99828007A08E1 /* Project Based Learning Item */ = {
			isa = PBXGroup;
			children = (
				E4F2915619F99804007A08E1 /* COPBLItem.h */,
				E4F2915719F99804007A08E1 /* COPBLItem.m */,
				E4F2915819F99804007A08E1 /* COPBLItemDetailViewController.h */,
				E4F2915919F99804007A08E1 /* COPBLItemDetailViewController.m */,
				E4F2915A19F99804007A08E1 /* COPBLItemDetailViewController.xib */,
				E4F2915B19F99804007A08E1 /* COPBLItemHelpViewController.h */,
				E4F2915C19F99804007A08E1 /* COPBLItemHelpViewController.m */,
				E4F2915D19F99804007A08E1 /* COPBLItemHelpViewController.xib */,
			);
			name = "Project Based Learning Item";
			sourceTree = "<group>";
		};
/* End PBXGroup section */

/* Begin PBXNativeTarget section */
		E4DC0AEA195B581E001CE110 /* iLearn University */ = {
			isa = PBXNativeTarget;
			buildConfigurationList = E4DC0B1D195B581E001CE110 /* Build configuration list for PBXNativeTarget "iLearn University" */;
			buildPhases = (
				E4DC0AE7195B581E001CE110 /* Sources */,
				E4DC0AE8195B581E001CE110 /* Frameworks */,
				E4DC0AE9195B581E001CE110 /* Resources */,
			);
			buildRules = (
			);
			dependencies = (
			);
			name = "iLearn University";
			productName = SelfUniversity;
			productReference = E4DC0AEB195B581E001CE110 /* iLearn University.app */;
			productType = "com.apple.product-type.application";
		};
		E4DC0B0A195B581E001CE110 /* iLearn UniversityTests */ = {
			isa = PBXNativeTarget;
			buildConfigurationList = E4DC0B20195B581E001CE110 /* Build configuration list for PBXNativeTarget "iLearn UniversityTests" */;
			buildPhases = (
				E4DC0B07195B581E001CE110 /* Sources */,
				E4DC0B08195B581E001CE110 /* Frameworks */,
				E4DC0B09195B581E001CE110 /* Resources */,
			);
			buildRules = (
			);
			dependencies = (
				E4DC0B12195B581E001CE110 /* PBXTargetDependency */,
			);
			name = "iLearn UniversityTests";
			productName = SelfUniversityTests;
			productReference = E4DC0B0B195B581E001CE110 /* iLearn UniversityTests.xctest */;
			productType = "com.apple.product-type.bundle.unit-test";
		};
/* End PBXNativeTarget section */

/* Begin PBXProject section */
		E4DC0AE3195B581E001CE110 /* Project object */ = {
			isa = PBXProject;
			attributes = {
				CLASSPREFIX = CO;
				LastUpgradeCheck = 0510;
				ORGANIZATIONNAME = "infinite Discoveries";
				TargetAttributes = {
					E4DC0AEA195B581E001CE110 = {
						DevelopmentTeam = 4T5X4FRDEZ;
					};
					E4DC0B0A195B581E001CE110 = {
						TestTargetID = E4DC0AEA195B581E001CE110;
					};
				};
			};
			buildConfigurationList = E4DC0AE6195B581E001CE110 /* Build configuration list for PBXProject "iLearn University" */;
			compatibilityVersion = "Xcode 3.2";
			developmentRegion = English;
			hasScannedForEncodings = 0;
			knownRegions = (
				en,
				Base,
				es,
			);
			mainGroup = E4DC0AE2195B581E001CE110;
			productRefGroup = E4DC0AEC195B581E001CE110 /* Products */;
			projectDirPath = "";
			projectRoot = "";
			targets = (
				E4DC0AEA195B581E001CE110 /* iLearn University */,
				E4DC0B0A195B581E001CE110 /* iLearn UniversityTests */,
			);
		};
/* End PBXProject section */

/* Begin PBXResourcesBuildPhase section */
		E4DC0AE9195B581E001CE110 /* Resources */ = {
			isa = PBXResourcesBuildPhase;
			buildActionMask = 2147483647;
			files = (
				E4995F0419AEA7D3009A3011 /* Settings.bundle in Resources */,
				E476AC7A196356B8007734C0 /* BookStoryboard_iPad.storyboard in Resources */,
				E457D8CB19EC621A00E6901B /* COIntentionItemHelpViewController.xib in Resources */,
				E4DC0AFB195B581E001CE110 /* InfoPlist.strings in Resources */,
				E4DB82A619D0C78C00CA9C5D /* COGoalItemDetailViewController.xib in Resources */,
				E40688A619B1181300722306 /* Localizable.strings in Resources */,
				E476AC7C196356BF007734C0 /* BookStoryboard_iPhone.storyboard in Resources */,
				E4B70BBF1A081F8D000EAB44 /* COSelfEmpowermentItemDetailViewController.xib in Resources */,
				E4F2916219F99804007A08E1 /* COPBLItemHelpViewController.xib in Resources */,
				E487B02B1A1D54D500C05582 /* Launch Screen.xib in Resources */,
				E4C28614199ABDCE00DB405B /* iLearn University.pdf in Resources */,
				E4B70BC11A081F8D000EAB44 /* COSelfEmpowermentItemHelpViewController.xib in Resources */,
				E4C766A919E85E9500CB6463 /* COIntentionItemTypeCell.xib in Resources */,
				E4DC0B06195B581E001CE110 /* Images.xcassets in Resources */,
				E4937C3119F598A400FBE6D9 /* COProductStoryItemHelpViewController.xib in Resources */,
				E4937C2F19F598A400FBE6D9 /* COProductStoryItemDetailViewController.xib in Resources */,
				E4F2916019F99804007A08E1 /* COPBLItemDetailViewController.xib in Resources */,
				E497C2E319EF1E6D0082E2DE /* COGoalItemHelpViewController.xib in Resources */,
				E495B7E819CF66C0009DFFCD /* COIntentionItemDetailViewController.xib in Resources */,
			);
			runOnlyForDeploymentPostprocessing = 0;
		};
		E4DC0B09195B581E001CE110 /* Resources */ = {
			isa = PBXResourcesBuildPhase;
			buildActionMask = 2147483647;
			files = (
				E4DC0B18195B581E001CE110 /* InfoPlist.strings in Resources */,
			);
			runOnlyForDeploymentPostprocessing = 0;
		};
/* End PBXResourcesBuildPhase section */

/* Begin PBXSourcesBuildPhase section */
		E4DC0AE7195B581E001CE110 /* Sources */ = {
			isa = PBXSourcesBuildPhase;
			buildActionMask = 2147483647;
			files = (
				E4937C3019F598A400FBE6D9 /* COProductStoryItemHelpViewController.m in Sources */,
				E4C766A519E85CBB00CB6463 /* COIntentionItemTypeCell.m in Sources */,
				E4F2915F19F99804007A08E1 /* COPBLItemDetailViewController.m in Sources */,
				E4DB82A419D0C77400CA9C5D /* COGoalItemDetailViewController.m in Sources */,
				E4B70BBE1A081F8D000EAB44 /* COSelfEmpowermentItemDetailViewController.m in Sources */,
				E476AC7F19635C33007734C0 /* COBookModelController.m in Sources */,
				E4937C2D19F598A400FBE6D9 /* COProductStoryItem.m in Sources */,
				E4937C2E19F598A400FBE6D9 /* COProductStoryItemDetailViewController.m in Sources */,
				E42C033C19C2255300AA7F8A /* COIntentionItem.m in Sources */,
				E424CEE219A2989500CF945D /* COLearningGuideViewController.m in Sources */,
				E4DC0B30195B6D11001CE110 /* COPracticeViewController.m in Sources */,
				E4DC0B27195B6CAB001CE110 /* COLibraryRootViewController.m in Sources */,
				E4AFA0631963441D00B54B54 /* COBookPDFScrollView.m in Sources */,
				E476AC7419634FAC007734C0 /* COBookDataViewController.m in Sources */,
				E426CD97199BED2E00C352E0 /* COIntentionItemTypeStore.m in Sources */,
				E426CDA3199C3FF000C352E0 /* COListSelectorViewController.m in Sources */,
				E4DC0B01195B581E001CE110 /* COAppDelegate.m in Sources */,
				E4DC0B33195B6D2A001CE110 /* COTaskViewController.m in Sources */,
				E452A33719EDC03400E7DD03 /* COIntentionItemTypeDetailViewController.m in Sources */,
				E4AFA060196340AB00B54B54 /* COBookTiledPDFView.m in Sources */,
				E4B70BBD1A081F8D000EAB44 /* COSelfEmpowermentItem.m in Sources */,
				E497C2E119EF1DC60082E2DE /* COGoalItemHelpViewController.m in Sources */,
				E4DC0B2A195B6CD6001CE110 /* COIntentionItemTypeViewController.m in Sources */,
				E457D8CA19EC621A00E6901B /* COIntentionItemHelpViewController.m in Sources */,
				E4F2915E19F99804007A08E1 /* COPBLItem.m in Sources */,
				E4DC0B2D195B6CF2001CE110 /* COContentViewController.m in Sources */,
				E4DC0B36195B6D40001CE110 /* COPortfolioViewController.m in Sources */,
				E4DB82A119D0C71800CA9C5D /* COGoalItem.m in Sources */,
				E4F55A4719BA6DD100CC39C8 /* iLearnUniversity.xcdatamodeld in Sources */,
				E44B692D19BE3A60007EF8DD /* COIntentionItemType.m in Sources */,
				E495B7E719CF66C0009DFFCD /* COIntentionItemDetailViewController.m in Sources */,
				E4AFDB1819D48CCA0016081E /* COString.m in Sources */,
				E4DC0AFD195B581E001CE110 /* main.m in Sources */,
				E4B70BC01A081F8D000EAB44 /* COSelfEmpowermentItemHelpViewController.m in Sources */,
				E4F2916119F99804007A08E1 /* COPBLItemHelpViewController.m in Sources */,
			);
			runOnlyForDeploymentPostprocessing = 0;
		};
		E4DC0B07195B581E001CE110 /* Sources */ = {
			isa = PBXSourcesBuildPhase;
			buildActionMask = 2147483647;
			files = (
				E4DC0B1A195B581E001CE110 /* iLearnUniversityTests.m in Sources */,
			);
			runOnlyForDeploymentPostprocessing = 0;
		};
/* End PBXSourcesBuildPhase section */

/* Begin PBXTargetDependency section */
		E4DC0B12195B581E001CE110 /* PBXTargetDependency */ = {
			isa = PBXTargetDependency;
			target = E4DC0AEA195B581E001CE110 /* iLearn University */;
			targetProxy = E4DC0B11195B581E001CE110 /* PBXContainerItemProxy */;
		};
/* End PBXTargetDependency section */

/* Begin PBXVariantGroup section */
		E40688A819B1181300722306 /* Localizable.strings */ = {
			isa = PBXVariantGroup;
			children = (
				E40688A719B1181300722306 /* Base */,
				E40688A919B1183700722306 /* es */,
			);
			name = Localizable.strings;
			sourceTree = "<group>";
		};
		E4DC0AF9195B581E001CE110 /* InfoPlist.strings */ = {
			isa = PBXVariantGroup;
			children = (
				E4DC0AFA195B581E001CE110 /* en */,
			);
			name = InfoPlist.strings;
			sourceTree = "<group>";
		};
		E4DC0B16195B581E001CE110 /* InfoPlist.strings */ = {
			isa = PBXVariantGroup;
			children = (
				E4DC0B17195B581E001CE110 /* en */,
			);
			name = InfoPlist.strings;
			sourceTree = "<group>";
		};
/* End PBXVariantGroup section */

/* Begin XCBuildConfiguration section */
		E4DC0B1B195B581E001CE110 /* Debug */ = {
			isa = XCBuildConfiguration;
			buildSettings = {
				ALWAYS_SEARCH_USER_PATHS = NO;
				CLANG_CXX_LANGUAGE_STANDARD = "gnu++0x";
				CLANG_CXX_LIBRARY = "libc++";
				CLANG_ENABLE_MODULES = YES;
				CLANG_ENABLE_OBJC_ARC = YES;
				CLANG_WARN_BOOL_CONVERSION = YES;
				CLANG_WARN_CONSTANT_CONVERSION = YES;
				CLANG_WARN_DIRECT_OBJC_ISA_USAGE = YES_ERROR;
				CLANG_WARN_EMPTY_BODY = YES;
				CLANG_WARN_ENUM_CONVERSION = YES;
				CLANG_WARN_INT_CONVERSION = YES;
				CLANG_WARN_OBJC_ROOT_CLASS = YES_ERROR;
				CLANG_WARN__DUPLICATE_METHOD_MATCH = YES;
				"CODE_SIGN_IDENTITY[sdk=iphoneos*]" = "iPhone Developer";
				COPY_PHASE_STRIP = NO;
				GCC_C_LANGUAGE_STANDARD = gnu99;
				GCC_DYNAMIC_NO_PIC = NO;
				GCC_OPTIMIZATION_LEVEL = 0;
				GCC_PREPROCESSOR_DEFINITIONS = (
					"DEBUG=1",
					"$(inherited)",
				);
				GCC_SYMBOLS_PRIVATE_EXTERN = NO;
				GCC_WARN_64_TO_32_BIT_CONVERSION = YES;
				GCC_WARN_ABOUT_RETURN_TYPE = YES_ERROR;
				GCC_WARN_UNDECLARED_SELECTOR = YES;
				GCC_WARN_UNINITIALIZED_AUTOS = YES_AGGRESSIVE;
				GCC_WARN_UNUSED_FUNCTION = YES;
				GCC_WARN_UNUSED_VARIABLE = YES;
				IPHONEOS_DEPLOYMENT_TARGET = 7.1;
				ONLY_ACTIVE_ARCH = YES;
				SDKROOT = iphoneos;
				TARGETED_DEVICE_FAMILY = "1,2";
			};
			name = Debug;
		};
		E4DC0B1C195B581E001CE110 /* Release */ = {
			isa = XCBuildConfiguration;
			buildSettings = {
				ALWAYS_SEARCH_USER_PATHS = NO;
				CLANG_CXX_LANGUAGE_STANDARD = "gnu++0x";
				CLANG_CXX_LIBRARY = "libc++";
				CLANG_ENABLE_MODULES = YES;
				CLANG_ENABLE_OBJC_ARC = YES;
				CLANG_WARN_BOOL_CONVERSION = YES;
				CLANG_WARN_CONSTANT_CONVERSION = YES;
				CLANG_WARN_DIRECT_OBJC_ISA_USAGE = YES_ERROR;
				CLANG_WARN_EMPTY_BODY = YES;
				CLANG_WARN_ENUM_CONVERSION = YES;
				CLANG_WARN_INT_CONVERSION = YES;
				CLANG_WARN_OBJC_ROOT_CLASS = YES_ERROR;
				CLANG_WARN__DUPLICATE_METHOD_MATCH = YES;
				"CODE_SIGN_IDENTITY[sdk=iphoneos*]" = "iPhone Developer";
				COPY_PHASE_STRIP = YES;
				ENABLE_NS_ASSERTIONS = NO;
				GCC_C_LANGUAGE_STANDARD = gnu99;
				GCC_WARN_64_TO_32_BIT_CONVERSION = YES;
				GCC_WARN_ABOUT_RETURN_TYPE = YES_ERROR;
				GCC_WARN_UNDECLARED_SELECTOR = YES;
				GCC_WARN_UNINITIALIZED_AUTOS = YES_AGGRESSIVE;
				GCC_WARN_UNUSED_FUNCTION = YES;
				GCC_WARN_UNUSED_VARIABLE = YES;
				IPHONEOS_DEPLOYMENT_TARGET = 7.1;
				SDKROOT = iphoneos;
				TARGETED_DEVICE_FAMILY = "1,2";
				VALIDATE_PRODUCT = YES;
			};
			name = Release;
		};
		E4DC0B1E195B581E001CE110 /* Debug */ = {
			isa = XCBuildConfiguration;
			buildSettings = {
				ASSETCATALOG_COMPILER_APPICON_NAME = AppIcon;
				ASSETCATALOG_COMPILER_LAUNCHIMAGE_NAME = LaunchImage;
				CODE_SIGN_IDENTITY = "iPhone Developer";
				"CODE_SIGN_IDENTITY[sdk=iphoneos*]" = "iPhone Developer";
				CURRENT_PROJECT_VERSION = 0.1.0;
				GCC_PRECOMPILE_PREFIX_HEADER = YES;
				GCC_PREFIX_HEADER = "SelfUniversity/iLearn University-Prefix.pch";
				INFOPLIST_FILE = "SelfUniversity/iLearn University-Info.plist";
				IPHONEOS_DEPLOYMENT_TARGET = 8.0;
				ONLY_ACTIVE_ARCH = YES;
				PRODUCT_NAME = "iLearn University";
				PROVISIONING_PROFILE = "";
				WRAPPER_EXTENSION = app;
			};
			name = Debug;
		};
		E4DC0B1F195B581E001CE110 /* Release */ = {
			isa = XCBuildConfiguration;
			buildSettings = {
				ASSETCATALOG_COMPILER_APPICON_NAME = AppIcon;
				ASSETCATALOG_COMPILER_LAUNCHIMAGE_NAME = LaunchImage;
				CODE_SIGN_IDENTITY = "iPhone Developer";
				"CODE_SIGN_IDENTITY[sdk=iphoneos*]" = "iPhone Developer";
				CURRENT_PROJECT_VERSION = 0.1.0;
				GCC_PRECOMPILE_PREFIX_HEADER = YES;
				GCC_PREFIX_HEADER = "SelfUniversity/iLearn University-Prefix.pch";
				INFOPLIST_FILE = "SelfUniversity/iLearn University-Info.plist";
				IPHONEOS_DEPLOYMENT_TARGET = 8.0;
				ONLY_ACTIVE_ARCH = NO;
				PRODUCT_NAME = "iLearn University";
				PROVISIONING_PROFILE = "";
				WRAPPER_EXTENSION = app;
			};
			name = Release;
		};
		E4DC0B21195B581E001CE110 /* Debug */ = {
			isa = XCBuildConfiguration;
			buildSettings = {
				BUNDLE_LOADER = "$(BUILT_PRODUCTS_DIR)/SelfUniversity.app/SelfUniversity";
				FRAMEWORK_SEARCH_PATHS = (
					"$(SDKROOT)/Developer/Library/Frameworks",
					"$(inherited)",
					"$(DEVELOPER_FRAMEWORKS_DIR)",
				);
				GCC_PRECOMPILE_PREFIX_HEADER = YES;
				GCC_PREFIX_HEADER = "SelfUniversity/SelfUniversity-Prefix.pch";
				GCC_PREPROCESSOR_DEFINITIONS = (
					"DEBUG=1",
					"$(inherited)",
				);
				INFOPLIST_FILE = "SelfUniversityTests/iLearn UniversityTests-Info.plist";
				PRODUCT_NAME = "iLearn UniversityTests";
				TEST_HOST = "$(BUNDLE_LOADER)";
				WRAPPER_EXTENSION = xctest;
			};
			name = Debug;
		};
		E4DC0B22195B581E001CE110 /* Release */ = {
			isa = XCBuildConfiguration;
			buildSettings = {
				BUNDLE_LOADER = "$(BUILT_PRODUCTS_DIR)/SelfUniversity.app/SelfUniversity";
				FRAMEWORK_SEARCH_PATHS = (
					"$(SDKROOT)/Developer/Library/Frameworks",
					"$(inherited)",
					"$(DEVELOPER_FRAMEWORKS_DIR)",
				);
				GCC_PRECOMPILE_PREFIX_HEADER = YES;
				GCC_PREFIX_HEADER = "SelfUniversity/SelfUniversity-Prefix.pch";
				INFOPLIST_FILE = "SelfUniversityTests/iLearn UniversityTests-Info.plist";
				PRODUCT_NAME = "iLearn UniversityTests";
				TEST_HOST = "$(BUNDLE_LOADER)";
				WRAPPER_EXTENSION = xctest;
			};
			name = Release;
		};
/* End XCBuildConfiguration section */

/* Begin XCConfigurationList section */
		E4DC0AE6195B581E001CE110 /* Build configuration list for PBXProject "iLearn University" */ = {
			isa = XCConfigurationList;
			buildConfigurations = (
				E4DC0B1B195B581E001CE110 /* Debug */,
				E4DC0B1C195B581E001CE110 /* Release */,
			);
			defaultConfigurationIsVisible = 0;
			defaultConfigurationName = Release;
		};
		E4DC0B1D195B581E001CE110 /* Build configuration list for PBXNativeTarget "iLearn University" */ = {
			isa = XCConfigurationList;
			buildConfigurations = (
				E4DC0B1E195B581E001CE110 /* Debug */,
				E4DC0B1F195B581E001CE110 /* Release */,
			);
			defaultConfigurationIsVisible = 0;
			defaultConfigurationName = Release;
		};
		E4DC0B20195B581E001CE110 /* Build configuration list for PBXNativeTarget "iLearn UniversityTests" */ = {
			isa = XCConfigurationList;
			buildConfigurations = (
				E4DC0B21195B581E001CE110 /* Debug */,
				E4DC0B22195B581E001CE110 /* Release */,
			);
			defaultConfigurationIsVisible = 0;
			defaultConfigurationName = Release;
		};
/* End XCConfigurationList section */

/* Begin XCVersionGroup section */
		E4F55A4519BA6DD100CC39C8 /* iLearnUniversity.xcdatamodeld */ = {
			isa = XCVersionGroup;
			children = (
				E4F55A4619BA6DD100CC39C8 /* iLearnUniversity.xcdatamodel */,
			);
			currentVersion = E4F55A4619BA6DD100CC39C8 /* iLearnUniversity.xcdatamodel */;
			path = iLearnUniversity.xcdatamodeld;
			sourceTree = "<group>";
			versionGroupType = wrapper.xcdatamodel;
		};
/* End XCVersionGroup section */
	};
	rootObject = E4DC0AE3195B581E001CE110 /* Project object */;
}
